
Microsoft Visual Studio Solution File, Format Version 12.00
# Visual Studio Version 16
VisualStudioVersion = 16.0.31911.196
MinimumVisualStudioVersion = 10.0.40219.1
Project("{FAE04EC0-301F-11D3-BF4B-00C04F79EFBC}") = "OpenAir.Server", "Server\OpenAir.Server.csproj", "{CE809F7A-857F-49E5-809D-B47F7E27EA93}"
EndProject
Project("{FAE04EC0-301F-11D3-BF4B-00C04F79EFBC}") = "OpenAir.Client", "Client\OpenAir.Client.csproj", "{500FC36C-BB73-4959-8750-FFF90445EF43}"
EndProject
Project("{FAE04EC0-301F-11D3-BF4B-00C04F79EFBC}") = "OpenAir.Shared", "Shared\OpenAir.Shared.csproj", "{1B45A9A4-047B-40CA-BCAD-FEF82899FEE3}"
EndProject
Global
	GlobalSection(SolutionConfigurationPlatforms) = preSolution
		Debug|Any CPU = Debug|Any CPU
		Release|Any CPU = Release|Any CPU
	EndGlobalSection
	GlobalSection(ProjectConfigurationPlatforms) = postSolution
		{CE809F7A-857F-49E5-809D-B47F7E27EA93}.Debug|Any CPU.ActiveCfg = Debug|Any CPU
		{CE809F7A-857F-49E5-809D-B47F7E27EA93}.Debug|Any CPU.Build.0 = Debug|Any CPU
		{CE809F7A-857F-49E5-809D-B47F7E27EA93}.Release|Any CPU.ActiveCfg = Release|Any CPU
		{CE809F7A-857F-49E5-809D-B47F7E27EA93}.Release|Any CPU.Build.0 = Release|Any CPU
		{500FC36C-BB73-4959-8750-FFF90445EF43}.Debug|Any CPU.ActiveCfg = Debug|Any CPU
		{500FC36C-BB73-4959-8750-FFF90445EF43}.Debug|Any CPU.Build.0 = Debug|Any CPU
		{500FC36C-BB73-4959-8750-FFF90445EF43}.Release|Any CPU.ActiveCfg = Release|Any CPU
		{500FC36C-BB73-4959-8750-FFF90445EF43}.Release|Any CPU.Build.0 = Release|Any CPU
		{1B45A9A4-047B-40CA-BCAD-FEF82899FEE3}.Debug|Any CPU.ActiveCfg = Debug|Any CPU
		{1B45A9A4-047B-40CA-BCAD-FEF82899FEE3}.Debug|Any CPU.Build.0 = Debug|Any CPU
		{1B45A9A4-047B-40CA-BCAD-FEF82899FEE3}.Release|Any CPU.ActiveCfg = Release|Any CPU
		{1B45A9A4-047B-40CA-BCAD-FEF82899FEE3}.Release|Any CPU.Build.0 = Release|Any CPU
	EndGlobalSection
	GlobalSection(SolutionProperties) = preSolution
		HideSolutionNode = FALSE
	EndGlobalSection
	GlobalSection(ExtensibilityGlobals) = postSolution
		SolutionGuid = {7953F97A-6606-4853-80FE-E6EA1AC01D2D}
	EndGlobalSection
EndGlobal
